
Microsoft Visual Studio Solution File, Format Version 12.00
# Visual Studio Version 17
VisualStudioVersion = 17.0.31912.275
MinimumVisualStudioVersion = 10.0.40219.1
Project("{9A19103F-16F7-4668-BE54-9A1E7A4F7556}") = "Lucius.Identity.API", "Lucius.Identity.API\Lucius.Identity.API.csproj", "{504AD9E0-74D0-4045-85EF-A99E294ED5EF}"
EndProject
Project("{9A19103F-16F7-4668-BE54-9A1E7A4F7556}") = "Lucius.Identity.Data", "Lucius.Identity.Data\Lucius.Identity.Data.csproj", "{7CAFED2A-2795-4415-8180-7625A89DC85D}"
EndProject
Project("{9A19103F-16F7-4668-BE54-9A1E7A4F7556}") = "Lucius.Identity.Domain", "Lucius.Identity.Domain\Lucius.Identity.Domain.csproj", "{932EC6FE-3BBD-416E-8828-2BE0E00F4C1A}"
EndProject
Project("{2150E333-8FDC-42A3-9474-1A3956D46DE8}") = "Infrastructure", "Infrastructure", "{B43654BC-35C0-448A-ACFC-1FEBDF920A52}"
EndProject
Project("{9A19103F-16F7-4668-BE54-9A1E7A4F7556}") = "Lucius.Identity.Application", "Lucius.Identity.Application\Lucius.Identity.Application.csproj", "{5A1617F0-D7C7-47C1-AD1E-E891030FCB21}"
EndProject
Project("{2150E333-8FDC-42A3-9474-1A3956D46DE8}") = "Domain", "Domain", "{181D0D56-3350-4980-8FAF-A2A4302F1ADE}"
EndProject
Project("{2150E333-8FDC-42A3-9474-1A3956D46DE8}") = "Application", "Application", "{CB520E78-0C80-4861-A712-9F139716FAE1}"
EndProject
Project("{2150E333-8FDC-42A3-9474-1A3956D46DE8}") = "Data", "Data", "{B5AC1E15-F7EB-4C96-96B9-75F9D82E64BF}"
EndProject
Project("{9A19103F-16F7-4668-BE54-9A1E7A4F7556}") = "Lucius.Identity.Client", "Lucius.Identity.Client\Lucius.Identity.Client.csproj", "{60E11CEF-59D8-49FA-BA8B-9504BD39912F}"
EndProject
Project("{2150E333-8FDC-42A3-9474-1A3956D46DE8}") = "Framework", "Framework", "{424A579D-0F2A-4D35-AB74-52C92A538046}"
EndProject
Project("{9A19103F-16F7-4668-BE54-9A1E7A4F7556}") = "Lucius.Identity.EntityFrameworkCore.Migrations", "Lucius.Identity.EntityFrameworkCore.Migrations\Lucius.Identity.EntityFrameworkCore.Migrations.csproj", "{6740A0B4-7B90-4D37-A730-D0D5858AC1C5}"
EndProject
Project("{9A19103F-16F7-4668-BE54-9A1E7A4F7556}") = "Lucius.Identity.EntityFrameworkCore.Sqlite", "Lucius.Identity.EntityFrameworkCore.Sqlite\Lucius.Identity.EntityFrameworkCore.Sqlite.csproj", "{1DCA1B34-2657-47A2-8D24-AB9B2A3AEA6E}"
EndProject
Project("{9A19103F-16F7-4668-BE54-9A1E7A4F7556}") = "Lucius.Domain.Core", "..\..\Lucius\src\Lucius.Domain.Core\Lucius.Domain.Core.csproj", "{A1C858D1-BE59-4B87-9EFE-C2D90E32ADF4}"
EndProject
Project("{9A19103F-16F7-4668-BE54-9A1E7A4F7556}") = "Lucius.EntityFrameworkCore", "..\..\Lucius\src\Lucius.EntityFrameworkCore\Lucius.EntityFrameworkCore.csproj", "{EAE2CD23-B49F-4920-9256-ECE333A38172}"
EndProject
Project("{9A19103F-16F7-4668-BE54-9A1E7A4F7556}") = "Lucius.Specification", "..\..\Lucius\src\Lucius.Specification\Lucius.Specification.csproj", "{99F17DF4-2E15-4785-B2F5-6C7C7BF971DF}"
EndProject
Project("{9A19103F-16F7-4668-BE54-9A1E7A4F7556}") = "Lucius.Domain.Abstractions", "..\..\Lucius\src\Lucius.Domain.Abstractions\Lucius.Domain.Abstractions.csproj", "{1136FA51-F5F8-4EF2-8AF5-5521A1C4EF45}"
EndProject
Project("{9A19103F-16F7-4668-BE54-9A1E7A4F7556}") = "Lucius.Identity.Domain.Abstractions", "Lucius.Identity.Domain.Abstractions\Lucius.Identity.Domain.Abstractions.csproj", "{22576BFE-06F1-4E3C-8554-755ECADDF90E}"
EndProject
Project("{9A19103F-16F7-4668-BE54-9A1E7A4F7556}") = "Lucius.Identity.Domain.Entities", "Lucius.Identity.Domain.Entities\Lucius.Identity.Domain.Entities.csproj", "{2A336AE9-9CCC-4456-BFB6-7DB3BBF5CC3F}"
EndProject
Project("{2150E333-8FDC-42A3-9474-1A3956D46DE8}") = "Solution Items", "Solution Items", "{B6FB9566-2F90-4001-9E96-1DA1D6B9E5F0}"
	ProjectSection(SolutionItems) = preProject
		.editorconfig = .editorconfig
	EndProjectSection
EndProject
Global
	GlobalSection(SolutionConfigurationPlatforms) = preSolution
		Debug|Any CPU = Debug|Any CPU
		Release|Any CPU = Release|Any CPU
	EndGlobalSection
	GlobalSection(ProjectConfigurationPlatforms) = postSolution
		{504AD9E0-74D0-4045-85EF-A99E294ED5EF}.Debug|Any CPU.ActiveCfg = Debug|Any CPU
		{504AD9E0-74D0-4045-85EF-A99E294ED5EF}.Debug|Any CPU.Build.0 = Debug|Any CPU
		{504AD9E0-74D0-4045-85EF-A99E294ED5EF}.Release|Any CPU.ActiveCfg = Release|Any CPU
		{504AD9E0-74D0-4045-85EF-A99E294ED5EF}.Release|Any CPU.Build.0 = Release|Any CPU
		{7CAFED2A-2795-4415-8180-7625A89DC85D}.Debug|Any CPU.ActiveCfg = Debug|Any CPU
		{7CAFED2A-2795-4415-8180-7625A89DC85D}.Debug|Any CPU.Build.0 = Debug|Any CPU
		{7CAFED2A-2795-4415-8180-7625A89DC85D}.Release|Any CPU.ActiveCfg = Release|Any CPU
		{7CAFED2A-2795-4415-8180-7625A89DC85D}.Release|Any CPU.Build.0 = Release|Any CPU
		{932EC6FE-3BBD-416E-8828-2BE0E00F4C1A}.Debug|Any CPU.ActiveCfg = Debug|Any CPU
		{932EC6FE-3BBD-416E-8828-2BE0E00F4C1A}.Debug|Any CPU.Build.0 = Debug|Any CPU
		{932EC6FE-3BBD-416E-8828-2BE0E00F4C1A}.Release|Any CPU.ActiveCfg = Release|Any CPU
		{932EC6FE-3BBD-416E-8828-2BE0E00F4C1A}.Release|Any CPU.Build.0 = Release|Any CPU
		{5A1617F0-D7C7-47C1-AD1E-E891030FCB21}.Debug|Any CPU.ActiveCfg = Debug|Any CPU
		{5A1617F0-D7C7-47C1-AD1E-E891030FCB21}.Debug|Any CPU.Build.0 = Debug|Any CPU
		{5A1617F0-D7C7-47C1-AD1E-E891030FCB21}.Release|Any CPU.ActiveCfg = Release|Any CPU
		{5A1617F0-D7C7-47C1-AD1E-E891030FCB21}.Release|Any CPU.Build.0 = Release|Any CPU
		{60E11CEF-59D8-49FA-BA8B-9504BD39912F}.Debug|Any CPU.ActiveCfg = Debug|Any CPU
		{60E11CEF-59D8-49FA-BA8B-9504BD39912F}.Debug|Any CPU.Build.0 = Debug|Any CPU
		{60E11CEF-59D8-49FA-BA8B-9504BD39912F}.Release|Any CPU.ActiveCfg = Release|Any CPU
		{60E11CEF-59D8-49FA-BA8B-9504BD39912F}.Release|Any CPU.Build.0 = Release|Any CPU
		{6740A0B4-7B90-4D37-A730-D0D5858AC1C5}.Debug|Any CPU.ActiveCfg = Debug|Any CPU
		{6740A0B4-7B90-4D37-A730-D0D5858AC1C5}.Debug|Any CPU.Build.0 = Debug|Any CPU
		{6740A0B4-7B90-4D37-A730-D0D5858AC1C5}.Release|Any CPU.ActiveCfg = Release|Any CPU
		{6740A0B4-7B90-4D37-A730-D0D5858AC1C5}.Release|Any CPU.Build.0 = Release|Any CPU
		{1DCA1B34-2657-47A2-8D24-AB9B2A3AEA6E}.Debug|Any CPU.ActiveCfg = Debug|Any CPU
		{1DCA1B34-2657-47A2-8D24-AB9B2A3AEA6E}.Debug|Any CPU.Build.0 = Debug|Any CPU
		{1DCA1B34-2657-47A2-8D24-AB9B2A3AEA6E}.Release|Any CPU.ActiveCfg = Release|Any CPU
		{1DCA1B34-2657-47A2-8D24-AB9B2A3AEA6E}.Release|Any CPU.Build.0 = Release|Any CPU
		{A1C858D1-BE59-4B87-9EFE-C2D90E32ADF4}.Debug|Any CPU.ActiveCfg = Debug|Any CPU
		{A1C858D1-BE59-4B87-9EFE-C2D90E32ADF4}.Debug|Any CPU.Build.0 = Debug|Any CPU
		{A1C858D1-BE59-4B87-9EFE-C2D90E32ADF4}.Release|Any CPU.ActiveCfg = Release|Any CPU
		{A1C858D1-BE59-4B87-9EFE-C2D90E32ADF4}.Release|Any CPU.Build.0 = Release|Any CPU
		{EAE2CD23-B49F-4920-9256-ECE333A38172}.Debug|Any CPU.ActiveCfg = Debug|Any CPU
		{EAE2CD23-B49F-4920-9256-ECE333A38172}.Debug|Any CPU.Build.0 = Debug|Any CPU
		{EAE2CD23-B49F-4920-9256-ECE333A38172}.Release|Any CPU.ActiveCfg = Release|Any CPU
		{EAE2CD23-B49F-4920-9256-ECE333A38172}.Release|Any CPU.Build.0 = Release|Any CPU
		{99F17DF4-2E15-4785-B2F5-6C7C7BF971DF}.Debug|Any CPU.ActiveCfg = Debug|Any CPU
		{99F17DF4-2E15-4785-B2F5-6C7C7BF971DF}.Debug|Any CPU.Build.0 = Debug|Any CPU
		{99F17DF4-2E15-4785-B2F5-6C7C7BF971DF}.Release|Any CPU.ActiveCfg = Release|Any CPU
		{99F17DF4-2E15-4785-B2F5-6C7C7BF971DF}.Release|Any CPU.Build.0 = Release|Any CPU
		{1136FA51-F5F8-4EF2-8AF5-5521A1C4EF45}.Debug|Any CPU.ActiveCfg = Debug|Any CPU
		{1136FA51-F5F8-4EF2-8AF5-5521A1C4EF45}.Debug|Any CPU.Build.0 = Debug|Any CPU
		{1136FA51-F5F8-4EF2-8AF5-5521A1C4EF45}.Release|Any CPU.ActiveCfg = Release|Any CPU
		{1136FA51-F5F8-4EF2-8AF5-5521A1C4EF45}.Release|Any CPU.Build.0 = Release|Any CPU
		{22576BFE-06F1-4E3C-8554-755ECADDF90E}.Debug|Any CPU.ActiveCfg = Debug|Any CPU
		{22576BFE-06F1-4E3C-8554-755ECADDF90E}.Debug|Any CPU.Build.0 = Debug|Any CPU
		{22576BFE-06F1-4E3C-8554-755ECADDF90E}.Release|Any CPU.ActiveCfg = Release|Any CPU
		{22576BFE-06F1-4E3C-8554-755ECADDF90E}.Release|Any CPU.Build.0 = Release|Any CPU
		{2A336AE9-9CCC-4456-BFB6-7DB3BBF5CC3F}.Debug|Any CPU.ActiveCfg = Debug|Any CPU
		{2A336AE9-9CCC-4456-BFB6-7DB3BBF5CC3F}.Debug|Any CPU.Build.0 = Debug|Any CPU
		{2A336AE9-9CCC-4456-BFB6-7DB3BBF5CC3F}.Release|Any CPU.ActiveCfg = Release|Any CPU
		{2A336AE9-9CCC-4456-BFB6-7DB3BBF5CC3F}.Release|Any CPU.Build.0 = Release|Any CPU
	EndGlobalSection
	GlobalSection(SolutionProperties) = preSolution
		HideSolutionNode = FALSE
	EndGlobalSection
	GlobalSection(NestedProjects) = preSolution
		{504AD9E0-74D0-4045-85EF-A99E294ED5EF} = {CB520E78-0C80-4861-A712-9F139716FAE1}
		{7CAFED2A-2795-4415-8180-7625A89DC85D} = {B5AC1E15-F7EB-4C96-96B9-75F9D82E64BF}
		{932EC6FE-3BBD-416E-8828-2BE0E00F4C1A} = {181D0D56-3350-4980-8FAF-A2A4302F1ADE}
		{5A1617F0-D7C7-47C1-AD1E-E891030FCB21} = {CB520E78-0C80-4861-A712-9F139716FAE1}
		{60E11CEF-59D8-49FA-BA8B-9504BD39912F} = {CB520E78-0C80-4861-A712-9F139716FAE1}
		{424A579D-0F2A-4D35-AB74-52C92A538046} = {B43654BC-35C0-448A-ACFC-1FEBDF920A52}
		{6740A0B4-7B90-4D37-A730-D0D5858AC1C5} = {B5AC1E15-F7EB-4C96-96B9-75F9D82E64BF}
		{1DCA1B34-2657-47A2-8D24-AB9B2A3AEA6E} = {B5AC1E15-F7EB-4C96-96B9-75F9D82E64BF}
		{A1C858D1-BE59-4B87-9EFE-C2D90E32ADF4} = {424A579D-0F2A-4D35-AB74-52C92A538046}
		{EAE2CD23-B49F-4920-9256-ECE333A38172} = {424A579D-0F2A-4D35-AB74-52C92A538046}
		{99F17DF4-2E15-4785-B2F5-6C7C7BF971DF} = {424A579D-0F2A-4D35-AB74-52C92A538046}
		{1136FA51-F5F8-4EF2-8AF5-5521A1C4EF45} = {424A579D-0F2A-4D35-AB74-52C92A538046}
		{22576BFE-06F1-4E3C-8554-755ECADDF90E} = {181D0D56-3350-4980-8FAF-A2A4302F1ADE}
		{2A336AE9-9CCC-4456-BFB6-7DB3BBF5CC3F} = {181D0D56-3350-4980-8FAF-A2A4302F1ADE}
	EndGlobalSection
	GlobalSection(ExtensibilityGlobals) = postSolution
		SolutionGuid = {9ECFD349-E170-49D3-920A-96F7AD233A36}
	EndGlobalSection
EndGlobal
